
Microsoft Visual Studio Solution File, Format Version 12.00
# Visual Studio Version 17
VisualStudioVersion = 17.9.34728.123
MinimumVisualStudioVersion = 10.0.40219.1
Project("{FAE04EC0-301F-11D3-BF4B-00C04F79EFBC}") = "Redis", "Redis\Redis.csproj", "{8B56548D-0853-4377-8C42-33F286BD05A9}"
EndProject
Project("{FAE04EC0-301F-11D3-BF4B-00C04F79EFBC}") = "RedisEntegration", "RedisEntegration\RedisEntegration.csproj", "{552ED5A5-7251-48D2-A773-3DE42D51D962}"
EndProject
Global
	GlobalSection(SolutionConfigurationPlatforms) = preSolution
		Debug|Any CPU = Debug|Any CPU
		Release|Any CPU = Release|Any CPU
	EndGlobalSection
	GlobalSection(ProjectConfigurationPlatforms) = postSolution
		{8B56548D-0853-4377-8C42-33F286BD05A9}.Debug|Any CPU.ActiveCfg = Debug|Any CPU
		{8B56548D-0853-4377-8C42-33F286BD05A9}.Debug|Any CPU.Build.0 = Debug|Any CPU
		{8B56548D-0853-4377-8C42-33F286BD05A9}.Release|Any CPU.ActiveCfg = Release|Any CPU
		{8B56548D-0853-4377-8C42-33F286BD05A9}.Release|Any CPU.Build.0 = Release|Any CPU
		{552ED5A5-7251-48D2-A773-3DE42D51D962}.Debug|Any CPU.ActiveCfg = Debug|Any CPU
		{552ED5A5-7251-48D2-A773-3DE42D51D962}.Debug|Any CPU.Build.0 = Debug|Any CPU
		{552ED5A5-7251-48D2-A773-3DE42D51D962}.Release|Any CPU.ActiveCfg = Release|Any CPU
		{552ED5A5-7251-48D2-A773-3DE42D51D962}.Release|Any CPU.Build.0 = Release|Any CPU
	EndGlobalSection
	GlobalSection(SolutionProperties) = preSolution
		HideSolutionNode = FALSE
	EndGlobalSection
	GlobalSection(ExtensibilityGlobals) = postSolution
		SolutionGuid = {B02F3785-87BE-4823-BCFA-F16A2079344D}
	EndGlobalSection
EndGlobal
